
Microsoft Visual Studio Solution File, Format Version 12.00
# Visual Studio Version 17
VisualStudioVersion = 17.3.32929.385
MinimumVisualStudioVersion = 10.0.40219.1
Project("{8BC9CEB8-8B4A-11D0-8D11-00A0C91BC942}") = "OOP intro", "OOP intro\OOP intro.vcxproj", "{C989F2E2-14F7-4D58-B9D5-09B6607588EF}"
EndProject
Project("{2150E333-8FDC-42A3-9474-1A3956D46DE8}") = "Lesson 1", "Lesson 1", "{6948A602-F2A3-4463-8790-0EE0E7CC8A04}"
EndProject
Project("{2150E333-8FDC-42A3-9474-1A3956D46DE8}") = "Lesson 2", "Lesson 2", "{60021374-D168-49F8-BA40-32AA73DE0A21}"
EndProject
Project("{8BC9CEB8-8B4A-11D0-8D11-00A0C91BC942}") = "constructor, destructor", "constructor, destructor\constructor, destructor.vcxproj", "{80317547-D323-435C-B653-69E104425A57}"
EndProject
Project("{2150E333-8FDC-42A3-9474-1A3956D46DE8}") = "Lesson 3", "Lesson 3", "{9E3B7D0E-2F18-4969-A1A9-027F50829987}"
EndProject
Project("{8BC9CEB8-8B4A-11D0-8D11-00A0C91BC942}") = "Initialization", "Initialization\Initialization.vcxproj", "{23BF5C1C-78D0-408B-A80D-D1507D5734B2}"
EndProject
Project("{8BC9CEB8-8B4A-11D0-8D11-00A0C91BC942}") = "Delegation", "Delegation\Delegation.vcxproj", "{EEB32487-FCCA-4716-889C-FC26AF91DFE8}"
EndProject
Project("{8BC9CEB8-8B4A-11D0-8D11-00A0C91BC942}") = "Static fields and methods", "Static fields and methods\Static fields and methods.vcxproj", "{DAC3F99A-DC86-4588-8E0C-4EB9DBBE4F7E}"
EndProject
Project("{2150E333-8FDC-42A3-9474-1A3956D46DE8}") = "Lesson 4", "Lesson 4", "{E09918F7-ADBD-4C0F-B65D-7AEC6C69CD06}"
EndProject
Project("{8BC9CEB8-8B4A-11D0-8D11-00A0C91BC942}") = "static fields and static methods", "static fields and static methods\static fields and static methods.vcxproj", "{1F9173A1-1F52-441E-B71D-0E862497DCC4}"
EndProject
Project("{8BC9CEB8-8B4A-11D0-8D11-00A0C91BC942}") = "const fields", "const fields\const fields.vcxproj", "{79E0CBEB-79AE-4031-B02E-F73E3B8A02CB}"
EndProject
Project("{8BC9CEB8-8B4A-11D0-8D11-00A0C91BC942}") = "without_copy constructor", "without_copy constructor\without_copy constructor.vcxproj", "{26C70DAA-9DB1-417A-94E7-CF303FCF0FFD}"
EndProject
Project("{2150E333-8FDC-42A3-9474-1A3956D46DE8}") = "Lesson 5", "Lesson 5", "{697CD336-0912-46EA-8853-A96248CA8AA7}"
EndProject
Project("{8BC9CEB8-8B4A-11D0-8D11-00A0C91BC942}") = "with_copy_constructor", "with_copy_constructor\with_copy_constructor.vcxproj", "{8634C1E3-B393-4B1F-A537-B19959CED8D2}"
EndProject
Project("{8BC9CEB8-8B4A-11D0-8D11-00A0C91BC942}") = "operator_overloading", "operator_overloading\operator_overloading.vcxproj", "{E5B8213B-763A-436C-9D19-16D30DD12F30}"
EndProject
Project("{2150E333-8FDC-42A3-9474-1A3956D46DE8}") = "Lesson 6", "Lesson 6", "{94143F6A-554F-44E5-866E-967BB70174AD}"
EndProject
Project("{8BC9CEB8-8B4A-11D0-8D11-00A0C91BC942}") = "Human overloading", "Human overloading\Human overloading.vcxproj", "{37A808E6-4622-4407-9272-257214597F13}"
EndProject
Project("{8BC9CEB8-8B4A-11D0-8D11-00A0C91BC942}") = "const_methods", "const_methods\const_methods.vcxproj", "{E88B23E0-9D8D-4B43-AE19-CE329E2A752F}"
EndProject
Project("{2150E333-8FDC-42A3-9474-1A3956D46DE8}") = "Lesson 7", "Lesson 7", "{C7222C1E-D7C8-41F3-9C81-7BB327A22C29}"
EndProject
Project("{8BC9CEB8-8B4A-11D0-8D11-00A0C91BC942}") = "Delegation example", "Delegation example\Delegation example.vcxproj", "{0F381014-CF92-4DAE-A60D-672F02E0676D}"
EndProject
Project("{8BC9CEB8-8B4A-11D0-8D11-00A0C91BC942}") = "MoveConstructor", "MoveConstructor\MoveConstructor.vcxproj", "{71CE1EE0-1978-47EC-B823-C35AA1EEFAB4}"
EndProject
Project("{2150E333-8FDC-42A3-9474-1A3956D46DE8}") = "Lesson 8", "Lesson 8", "{69A6FB14-5010-4BD0-9E76-706999AC3588}"
EndProject
Project("{8BC9CEB8-8B4A-11D0-8D11-00A0C91BC942}") = "r-value", "r-value\r-value.vcxproj", "{49FEAC6B-8587-4EDA-920C-4091A1344C87}"
EndProject
Project("{8BC9CEB8-8B4A-11D0-8D11-00A0C91BC942}") = "class template", "class template\class template.vcxproj", "{34D6FBC5-8A08-4946-9C02-66396B624314}"
EndProject
Project("{8BC9CEB8-8B4A-11D0-8D11-00A0C91BC942}") = "friend class and functions", "friend class and functions\friend class and functions.vcxproj", "{FD9A656C-48DF-40BA-9024-A0F78E4A9E75}"
EndProject
Project("{8BC9CEB8-8B4A-11D0-8D11-00A0C91BC942}") = "class string", "class string\class string.vcxproj", "{949F6D13-3069-42CC-A069-7E27AB524A94}"
EndProject
Project("{2150E333-8FDC-42A3-9474-1A3956D46DE8}") = "Lesson 9", "Lesson 9", "{F0A541A3-6A22-4075-A9E9-4F1CB53871B9}"
EndProject
Project("{8BC9CEB8-8B4A-11D0-8D11-00A0C91BC942}") = "Linked_List", "Linked_List\Linked_List.vcxproj", "{460CFED0-7391-43BD-A38E-641B32BB0BF3}"
EndProject
Project("{2150E333-8FDC-42A3-9474-1A3956D46DE8}") = "Lesson 10", "Lesson 10", "{9A885F20-9122-4220-A481-7EEC89E5BD8F}"
EndProject
Project("{8BC9CEB8-8B4A-11D0-8D11-00A0C91BC942}") = "Stack_", "Stack_\Stack_.vcxproj", "{984125C8-B199-4F8C-8A40-B1F80A5FF45F}"
EndProject
Project("{8BC9CEB8-8B4A-11D0-8D11-00A0C91BC942}") = "Queue", "Queue\Queue.vcxproj", "{47C6256F-053B-47FC-AEF2-E1253AF377D0}"
EndProject
Project("{2150E333-8FDC-42A3-9474-1A3956D46DE8}") = "Lesson 11", "Lesson 11", "{C21DD33C-5D32-4593-B926-6206118AD478}"
EndProject
Project("{8BC9CEB8-8B4A-11D0-8D11-00A0C91BC942}") = "nested classes", "nested classes\nested classes.vcxproj", "{C8CFE306-ED21-46A8-8AF3-1759B5288975}"
EndProject
Project("{8BC9CEB8-8B4A-11D0-8D11-00A0C91BC942}") = "Composition", "Composition\Composition.vcxproj", "{81E2A35F-9B75-42DA-9779-431816C93678}"
EndProject
Project("{8BC9CEB8-8B4A-11D0-8D11-00A0C91BC942}") = "Agregation", "Agregation\Agregation.vcxproj", "{811467AD-B37B-413D-9E6A-9610707A18A3}"
EndProject
Project("{2150E333-8FDC-42A3-9474-1A3956D46DE8}") = "Lesson 12", "Lesson 12", "{D756D397-6A01-444F-BDA7-A8AFB6204E18}"
EndProject
Project("{2150E333-8FDC-42A3-9474-1A3956D46DE8}") = "Inheritance", "Inheritance", "{77B35493-B874-49DB-89E1-346E30FECBFF}"
EndProject
Project("{8BC9CEB8-8B4A-11D0-8D11-00A0C91BC942}") = "Inheritance", "Inheritance\Inheritance.vcxproj", "{98D70FC2-55BD-4758-B7B2-CFB4A1D661F7}"
EndProject
Project("{2150E333-8FDC-42A3-9474-1A3956D46DE8}") = "inheritance access", "inheritance access", "{24A367A8-D055-426A-A232-F34BBE55E0CC}"
EndProject
Project("{8BC9CEB8-8B4A-11D0-8D11-00A0C91BC942}") = "inheritance_access", "inheritance_access\inheritance_access.vcxproj", "{102AED62-2881-4026-BA94-09BF094BA4A6}"
EndProject
Project("{2150E333-8FDC-42A3-9474-1A3956D46DE8}") = "Lesson 13", "Lesson 13", "{6C2ACB74-D533-418D-AFF9-2C803C4B476A}"
EndProject
Project("{2150E333-8FDC-42A3-9474-1A3956D46DE8}") = "Multiple inheritance", "Multiple inheritance", "{DBB12C36-754E-4DE7-9207-6ACA0B0ED9BF}"
EndProject
Project("{8BC9CEB8-8B4A-11D0-8D11-00A0C91BC942}") = "Multiple inheritance", "Multiple inheritance\Multiple inheritance.vcxproj", "{0D6550C6-9051-4C43-B62A-BC141C267C92}"
EndProject
Project("{2150E333-8FDC-42A3-9474-1A3956D46DE8}") = "Inheritance Access advanced", "Inheritance Access advanced", "{196792DF-2CB0-4C88-A47A-BDCC11A22A98}"
EndProject
Project("{2150E333-8FDC-42A3-9474-1A3956D46DE8}") = "Lesson 14", "Lesson 14", "{B378C51E-E056-487E-8F37-FF9B6524D3D0}"
EndProject
Project("{2150E333-8FDC-42A3-9474-1A3956D46DE8}") = "Polymorphism intro", "Polymorphism intro", "{716DC7F2-1FA3-4B02-9ECE-8976A17B00A5}"
EndProject
Project("{8BC9CEB8-8B4A-11D0-8D11-00A0C91BC942}") = "Polymorphism_Intro", "Polymorphism_Intro\Polymorphism_Intro.vcxproj", "{6861BBEB-F08C-4A71-A5E2-02FA5AB7D3D1}"
EndProject
Project("{8BC9CEB8-8B4A-11D0-8D11-00A0C91BC942}") = "Printer_Task", "Printer_Task\Printer_Task.vcxproj", "{FB688F74-A2D4-4B1F-9609-A849C7AA42FE}"
EndProject
Project("{2150E333-8FDC-42A3-9474-1A3956D46DE8}") = "Lesson 15", "Lesson 15", "{3F559722-9EEC-4E68-B222-9C78C6DAC6C2}"
EndProject
Project("{2150E333-8FDC-42A3-9474-1A3956D46DE8}") = "Pure virtual methods", "Pure virtual methods", "{68016C1D-E428-42B1-BFA3-0FB18480AA5F}"
EndProject
Project("{8BC9CEB8-8B4A-11D0-8D11-00A0C91BC942}") = "Pure_virtual_methods", "Pure_virtual_methods\Pure_virtual_methods.vcxproj", "{4807F3BE-B49F-49D1-A248-1CFBBDAD9B9E}"
EndProject
Project("{2150E333-8FDC-42A3-9474-1A3956D46DE8}") = "Virtual diamond", "Virtual diamond", "{FB8E5E94-590E-4D08-83DC-BE4FB3050918}"
EndProject
Project("{8BC9CEB8-8B4A-11D0-8D11-00A0C91BC942}") = "VirtualDiamonProblemSolution", "VirtualDiamonProblemSolution\VirtualDiamonProblemSolution.vcxproj", "{EBD4BC59-B81A-47EA-8D10-90583AD87A3D}"
EndProject
Project("{2150E333-8FDC-42A3-9474-1A3956D46DE8}") = "Lesson 16", "Lesson 16", "{7626FC60-9967-4377-827E-8A562566E9B5}"
EndProject
Project("{2150E333-8FDC-42A3-9474-1A3956D46DE8}") = "try catch", "try catch", "{32F10222-3694-4779-8B29-7971ED01882C}"
EndProject
Project("{8BC9CEB8-8B4A-11D0-8D11-00A0C91BC942}") = "try catch", "try catch\try catch.vcxproj", "{F41D9DC7-7015-4E65-B88D-F7C854AAD8FF}"
EndProject
Project("{2150E333-8FDC-42A3-9474-1A3956D46DE8}") = "Lesson 17", "Lesson 17", "{418BE46D-1D76-423F-AB15-4872165F6F1A}"
EndProject
Project("{2150E333-8FDC-42A3-9474-1A3956D46DE8}") = "casts", "casts", "{92AC3DFE-48A5-473D-B1A3-A58300CE01FD}"
EndProject
Project("{8BC9CEB8-8B4A-11D0-8D11-00A0C91BC942}") = "static cast", "static cast\static cast.vcxproj", "{3F40BC9C-F463-4597-8A38-2B94A68497E6}"
EndProject
Project("{8BC9CEB8-8B4A-11D0-8D11-00A0C91BC942}") = "constCast", "constCast\constCast.vcxproj", "{5B5EC9E3-3A8E-46C2-ACAE-5145D6000172}"
EndProject
Project("{8BC9CEB8-8B4A-11D0-8D11-00A0C91BC942}") = "reinterpretCast", "reinterpretCast\reinterpretCast.vcxproj", "{3C565A97-46CD-49E5-BD70-10FB27171390}"
EndProject
Project("{8BC9CEB8-8B4A-11D0-8D11-00A0C91BC942}") = "dynamicCast", "dynamicCast\dynamicCast.vcxproj", "{B4D3414F-4E98-44B8-A4C8-8CBA3D5E7007}"
EndProject
Project("{2150E333-8FDC-42A3-9474-1A3956D46DE8}") = "Lesson 18", "Lesson 18", "{BE29D35C-6775-4319-B05C-362699690A2F}"
EndProject
Project("{2150E333-8FDC-42A3-9474-1A3956D46DE8}") = "Streams", "Streams", "{0781AA07-9A7D-485A-B4DA-122AD7DC1663}"
EndProject
Project("{8BC9CEB8-8B4A-11D0-8D11-00A0C91BC942}") = "io_stream", "io_stream\io_stream.vcxproj", "{1731BF10-EA67-4D90-9C76-EABF74DBB4DA}"
EndProject
Global
	GlobalSection(SolutionConfigurationPlatforms) = preSolution
		Debug|Any CPU = Debug|Any CPU
		Debug|x64 = Debug|x64
		Debug|x86 = Debug|x86
		Release|Any CPU = Release|Any CPU
		Release|x64 = Release|x64
		Release|x86 = Release|x86
	EndGlobalSection
	GlobalSection(ProjectConfigurationPlatforms) = postSolution
		{C989F2E2-14F7-4D58-B9D5-09B6607588EF}.Debug|Any CPU.ActiveCfg = Debug|x64
		{C989F2E2-14F7-4D58-B9D5-09B6607588EF}.Debug|Any CPU.Build.0 = Debug|x64
		{C989F2E2-14F7-4D58-B9D5-09B6607588EF}.Debug|x64.ActiveCfg = Debug|x64
		{C989F2E2-14F7-4D58-B9D5-09B6607588EF}.Debug|x64.Build.0 = Debug|x64
		{C989F2E2-14F7-4D58-B9D5-09B6607588EF}.Debug|x86.ActiveCfg = Debug|Win32
		{C989F2E2-14F7-4D58-B9D5-09B6607588EF}.Debug|x86.Build.0 = Debug|Win32
		{C989F2E2-14F7-4D58-B9D5-09B6607588EF}.Release|Any CPU.ActiveCfg = Release|x64
		{C989F2E2-14F7-4D58-B9D5-09B6607588EF}.Release|Any CPU.Build.0 = Release|x64
		{C989F2E2-14F7-4D58-B9D5-09B6607588EF}.Release|x64.ActiveCfg = Release|x64
		{C989F2E2-14F7-4D58-B9D5-09B6607588EF}.Release|x64.Build.0 = Release|x64
		{C989F2E2-14F7-4D58-B9D5-09B6607588EF}.Release|x86.ActiveCfg = Release|Win32
		{C989F2E2-14F7-4D58-B9D5-09B6607588EF}.Release|x86.Build.0 = Release|Win32
		{80317547-D323-435C-B653-69E104425A57}.Debug|Any CPU.ActiveCfg = Debug|x64
		{80317547-D323-435C-B653-69E104425A57}.Debug|Any CPU.Build.0 = Debug|x64
		{80317547-D323-435C-B653-69E104425A57}.Debug|x64.ActiveCfg = Debug|x64
		{80317547-D323-435C-B653-69E104425A57}.Debug|x64.Build.0 = Debug|x64
		{80317547-D323-435C-B653-69E104425A57}.Debug|x86.ActiveCfg = Debug|Win32
		{80317547-D323-435C-B653-69E104425A57}.Debug|x86.Build.0 = Debug|Win32
		{80317547-D323-435C-B653-69E104425A57}.Release|Any CPU.ActiveCfg = Release|x64
		{80317547-D323-435C-B653-69E104425A57}.Release|Any CPU.Build.0 = Release|x64
		{80317547-D323-435C-B653-69E104425A57}.Release|x64.ActiveCfg = Release|x64
		{80317547-D323-435C-B653-69E104425A57}.Release|x64.Build.0 = Release|x64
		{80317547-D323-435C-B653-69E104425A57}.Release|x86.ActiveCfg = Release|Win32
		{80317547-D323-435C-B653-69E104425A57}.Release|x86.Build.0 = Release|Win32
		{23BF5C1C-78D0-408B-A80D-D1507D5734B2}.Debug|Any CPU.ActiveCfg = Debug|x64
		{23BF5C1C-78D0-408B-A80D-D1507D5734B2}.Debug|Any CPU.Build.0 = Debug|x64
		{23BF5C1C-78D0-408B-A80D-D1507D5734B2}.Debug|x64.ActiveCfg = Debug|x64
		{23BF5C1C-78D0-408B-A80D-D1507D5734B2}.Debug|x64.Build.0 = Debug|x64
		{23BF5C1C-78D0-408B-A80D-D1507D5734B2}.Debug|x86.ActiveCfg = Debug|Win32
		{23BF5C1C-78D0-408B-A80D-D1507D5734B2}.Debug|x86.Build.0 = Debug|Win32
		{23BF5C1C-78D0-408B-A80D-D1507D5734B2}.Release|Any CPU.ActiveCfg = Release|x64
		{23BF5C1C-78D0-408B-A80D-D1507D5734B2}.Release|Any CPU.Build.0 = Release|x64
		{23BF5C1C-78D0-408B-A80D-D1507D5734B2}.Release|x64.ActiveCfg = Release|x64
		{23BF5C1C-78D0-408B-A80D-D1507D5734B2}.Release|x64.Build.0 = Release|x64
		{23BF5C1C-78D0-408B-A80D-D1507D5734B2}.Release|x86.ActiveCfg = Release|Win32
		{23BF5C1C-78D0-408B-A80D-D1507D5734B2}.Release|x86.Build.0 = Release|Win32
		{EEB32487-FCCA-4716-889C-FC26AF91DFE8}.Debug|Any CPU.ActiveCfg = Debug|x64
		{EEB32487-FCCA-4716-889C-FC26AF91DFE8}.Debug|Any CPU.Build.0 = Debug|x64
		{EEB32487-FCCA-4716-889C-FC26AF91DFE8}.Debug|x64.ActiveCfg = Debug|x64
		{EEB32487-FCCA-4716-889C-FC26AF91DFE8}.Debug|x64.Build.0 = Debug|x64
		{EEB32487-FCCA-4716-889C-FC26AF91DFE8}.Debug|x86.ActiveCfg = Debug|Win32
		{EEB32487-FCCA-4716-889C-FC26AF91DFE8}.Debug|x86.Build.0 = Debug|Win32
		{EEB32487-FCCA-4716-889C-FC26AF91DFE8}.Release|Any CPU.ActiveCfg = Release|x64
		{EEB32487-FCCA-4716-889C-FC26AF91DFE8}.Release|Any CPU.Build.0 = Release|x64
		{EEB32487-FCCA-4716-889C-FC26AF91DFE8}.Release|x64.ActiveCfg = Release|x64
		{EEB32487-FCCA-4716-889C-FC26AF91DFE8}.Release|x64.Build.0 = Release|x64
		{EEB32487-FCCA-4716-889C-FC26AF91DFE8}.Release|x86.ActiveCfg = Release|Win32
		{EEB32487-FCCA-4716-889C-FC26AF91DFE8}.Release|x86.Build.0 = Release|Win32
		{DAC3F99A-DC86-4588-8E0C-4EB9DBBE4F7E}.Debug|Any CPU.ActiveCfg = Debug|x64
		{DAC3F99A-DC86-4588-8E0C-4EB9DBBE4F7E}.Debug|Any CPU.Build.0 = Debug|x64
		{DAC3F99A-DC86-4588-8E0C-4EB9DBBE4F7E}.Debug|x64.ActiveCfg = Debug|x64
		{DAC3F99A-DC86-4588-8E0C-4EB9DBBE4F7E}.Debug|x64.Build.0 = Debug|x64
		{DAC3F99A-DC86-4588-8E0C-4EB9DBBE4F7E}.Debug|x86.ActiveCfg = Debug|Win32
		{DAC3F99A-DC86-4588-8E0C-4EB9DBBE4F7E}.Debug|x86.Build.0 = Debug|Win32
		{DAC3F99A-DC86-4588-8E0C-4EB9DBBE4F7E}.Release|Any CPU.ActiveCfg = Release|x64
		{DAC3F99A-DC86-4588-8E0C-4EB9DBBE4F7E}.Release|Any CPU.Build.0 = Release|x64
		{DAC3F99A-DC86-4588-8E0C-4EB9DBBE4F7E}.Release|x64.ActiveCfg = Release|x64
		{DAC3F99A-DC86-4588-8E0C-4EB9DBBE4F7E}.Release|x64.Build.0 = Release|x64
		{DAC3F99A-DC86-4588-8E0C-4EB9DBBE4F7E}.Release|x86.ActiveCfg = Release|Win32
		{DAC3F99A-DC86-4588-8E0C-4EB9DBBE4F7E}.Release|x86.Build.0 = Release|Win32
		{1F9173A1-1F52-441E-B71D-0E862497DCC4}.Debug|Any CPU.ActiveCfg = Debug|x64
		{1F9173A1-1F52-441E-B71D-0E862497DCC4}.Debug|Any CPU.Build.0 = Debug|x64
		{1F9173A1-1F52-441E-B71D-0E862497DCC4}.Debug|x64.ActiveCfg = Debug|x64
		{1F9173A1-1F52-441E-B71D-0E862497DCC4}.Debug|x64.Build.0 = Debug|x64
		{1F9173A1-1F52-441E-B71D-0E862497DCC4}.Debug|x86.ActiveCfg = Debug|Win32
		{1F9173A1-1F52-441E-B71D-0E862497DCC4}.Debug|x86.Build.0 = Debug|Win32
		{1F9173A1-1F52-441E-B71D-0E862497DCC4}.Release|Any CPU.ActiveCfg = Release|x64
		{1F9173A1-1F52-441E-B71D-0E862497DCC4}.Release|Any CPU.Build.0 = Release|x64
		{1F9173A1-1F52-441E-B71D-0E862497DCC4}.Release|x64.ActiveCfg = Release|x64
		{1F9173A1-1F52-441E-B71D-0E862497DCC4}.Release|x64.Build.0 = Release|x64
		{1F9173A1-1F52-441E-B71D-0E862497DCC4}.Release|x86.ActiveCfg = Release|Win32
		{1F9173A1-1F52-441E-B71D-0E862497DCC4}.Release|x86.Build.0 = Release|Win32
		{79E0CBEB-79AE-4031-B02E-F73E3B8A02CB}.Debug|Any CPU.ActiveCfg = Debug|x64
		{79E0CBEB-79AE-4031-B02E-F73E3B8A02CB}.Debug|Any CPU.Build.0 = Debug|x64
		{79E0CBEB-79AE-4031-B02E-F73E3B8A02CB}.Debug|x64.ActiveCfg = Debug|x64
		{79E0CBEB-79AE-4031-B02E-F73E3B8A02CB}.Debug|x64.Build.0 = Debug|x64
		{79E0CBEB-79AE-4031-B02E-F73E3B8A02CB}.Debug|x86.ActiveCfg = Debug|Win32
		{79E0CBEB-79AE-4031-B02E-F73E3B8A02CB}.Debug|x86.Build.0 = Debug|Win32
		{79E0CBEB-79AE-4031-B02E-F73E3B8A02CB}.Release|Any CPU.ActiveCfg = Release|x64
		{79E0CBEB-79AE-4031-B02E-F73E3B8A02CB}.Release|Any CPU.Build.0 = Release|x64
		{79E0CBEB-79AE-4031-B02E-F73E3B8A02CB}.Release|x64.ActiveCfg = Release|x64
		{79E0CBEB-79AE-4031-B02E-F73E3B8A02CB}.Release|x64.Build.0 = Release|x64
		{79E0CBEB-79AE-4031-B02E-F73E3B8A02CB}.Release|x86.ActiveCfg = Release|Win32
		{79E0CBEB-79AE-4031-B02E-F73E3B8A02CB}.Release|x86.Build.0 = Release|Win32
		{26C70DAA-9DB1-417A-94E7-CF303FCF0FFD}.Debug|Any CPU.ActiveCfg = Debug|x64
		{26C70DAA-9DB1-417A-94E7-CF303FCF0FFD}.Debug|Any CPU.Build.0 = Debug|x64
		{26C70DAA-9DB1-417A-94E7-CF303FCF0FFD}.Debug|x64.ActiveCfg = Debug|x64
		{26C70DAA-9DB1-417A-94E7-CF303FCF0FFD}.Debug|x64.Build.0 = Debug|x64
		{26C70DAA-9DB1-417A-94E7-CF303FCF0FFD}.Debug|x86.ActiveCfg = Debug|Win32
		{26C70DAA-9DB1-417A-94E7-CF303FCF0FFD}.Debug|x86.Build.0 = Debug|Win32
		{26C70DAA-9DB1-417A-94E7-CF303FCF0FFD}.Release|Any CPU.ActiveCfg = Release|x64
		{26C70DAA-9DB1-417A-94E7-CF303FCF0FFD}.Release|Any CPU.Build.0 = Release|x64
		{26C70DAA-9DB1-417A-94E7-CF303FCF0FFD}.Release|x64.ActiveCfg = Release|x64
		{26C70DAA-9DB1-417A-94E7-CF303FCF0FFD}.Release|x64.Build.0 = Release|x64
		{26C70DAA-9DB1-417A-94E7-CF303FCF0FFD}.Release|x86.ActiveCfg = Release|Win32
		{26C70DAA-9DB1-417A-94E7-CF303FCF0FFD}.Release|x86.Build.0 = Release|Win32
		{8634C1E3-B393-4B1F-A537-B19959CED8D2}.Debug|Any CPU.ActiveCfg = Debug|x64
		{8634C1E3-B393-4B1F-A537-B19959CED8D2}.Debug|Any CPU.Build.0 = Debug|x64
		{8634C1E3-B393-4B1F-A537-B19959CED8D2}.Debug|x64.ActiveCfg = Debug|x64
		{8634C1E3-B393-4B1F-A537-B19959CED8D2}.Debug|x64.Build.0 = Debug|x64
		{8634C1E3-B393-4B1F-A537-B19959CED8D2}.Debug|x86.ActiveCfg = Debug|Win32
		{8634C1E3-B393-4B1F-A537-B19959CED8D2}.Debug|x86.Build.0 = Debug|Win32
		{8634C1E3-B393-4B1F-A537-B19959CED8D2}.Release|Any CPU.ActiveCfg = Release|x64
		{8634C1E3-B393-4B1F-A537-B19959CED8D2}.Release|Any CPU.Build.0 = Release|x64
		{8634C1E3-B393-4B1F-A537-B19959CED8D2}.Release|x64.ActiveCfg = Release|x64
		{8634C1E3-B393-4B1F-A537-B19959CED8D2}.Release|x64.Build.0 = Release|x64
		{8634C1E3-B393-4B1F-A537-B19959CED8D2}.Release|x86.ActiveCfg = Release|Win32
		{8634C1E3-B393-4B1F-A537-B19959CED8D2}.Release|x86.Build.0 = Release|Win32
		{E5B8213B-763A-436C-9D19-16D30DD12F30}.Debug|Any CPU.ActiveCfg = Debug|x64
		{E5B8213B-763A-436C-9D19-16D30DD12F30}.Debug|Any CPU.Build.0 = Debug|x64
		{E5B8213B-763A-436C-9D19-16D30DD12F30}.Debug|x64.ActiveCfg = Debug|x64
		{E5B8213B-763A-436C-9D19-16D30DD12F30}.Debug|x64.Build.0 = Debug|x64
		{E5B8213B-763A-436C-9D19-16D30DD12F30}.Debug|x86.ActiveCfg = Debug|Win32
		{E5B8213B-763A-436C-9D19-16D30DD12F30}.Debug|x86.Build.0 = Debug|Win32
		{E5B8213B-763A-436C-9D19-16D30DD12F30}.Release|Any CPU.ActiveCfg = Release|x64
		{E5B8213B-763A-436C-9D19-16D30DD12F30}.Release|Any CPU.Build.0 = Release|x64
		{E5B8213B-763A-436C-9D19-16D30DD12F30}.Release|x64.ActiveCfg = Release|x64
		{E5B8213B-763A-436C-9D19-16D30DD12F30}.Release|x64.Build.0 = Release|x64
		{E5B8213B-763A-436C-9D19-16D30DD12F30}.Release|x86.ActiveCfg = Release|Win32
		{E5B8213B-763A-436C-9D19-16D30DD12F30}.Release|x86.Build.0 = Release|Win32
		{37A808E6-4622-4407-9272-257214597F13}.Debug|Any CPU.ActiveCfg = Debug|x64
		{37A808E6-4622-4407-9272-257214597F13}.Debug|Any CPU.Build.0 = Debug|x64
		{37A808E6-4622-4407-9272-257214597F13}.Debug|x64.ActiveCfg = Debug|x64
		{37A808E6-4622-4407-9272-257214597F13}.Debug|x64.Build.0 = Debug|x64
		{37A808E6-4622-4407-9272-257214597F13}.Debug|x86.ActiveCfg = Debug|Win32
		{37A808E6-4622-4407-9272-257214597F13}.Debug|x86.Build.0 = Debug|Win32
		{37A808E6-4622-4407-9272-257214597F13}.Release|Any CPU.ActiveCfg = Release|x64
		{37A808E6-4622-4407-9272-257214597F13}.Release|Any CPU.Build.0 = Release|x64
		{37A808E6-4622-4407-9272-257214597F13}.Release|x64.ActiveCfg = Release|x64
		{37A808E6-4622-4407-9272-257214597F13}.Release|x64.Build.0 = Release|x64
		{37A808E6-4622-4407-9272-257214597F13}.Release|x86.ActiveCfg = Release|Win32
		{37A808E6-4622-4407-9272-257214597F13}.Release|x86.Build.0 = Release|Win32
		{E88B23E0-9D8D-4B43-AE19-CE329E2A752F}.Debug|Any CPU.ActiveCfg = Debug|x64
		{E88B23E0-9D8D-4B43-AE19-CE329E2A752F}.Debug|Any CPU.Build.0 = Debug|x64
		{E88B23E0-9D8D-4B43-AE19-CE329E2A752F}.Debug|x64.ActiveCfg = Debug|x64
		{E88B23E0-9D8D-4B43-AE19-CE329E2A752F}.Debug|x64.Build.0 = Debug|x64
		{E88B23E0-9D8D-4B43-AE19-CE329E2A752F}.Debug|x86.ActiveCfg = Debug|Win32
		{E88B23E0-9D8D-4B43-AE19-CE329E2A752F}.Debug|x86.Build.0 = Debug|Win32
		{E88B23E0-9D8D-4B43-AE19-CE329E2A752F}.Release|Any CPU.ActiveCfg = Release|x64
		{E88B23E0-9D8D-4B43-AE19-CE329E2A752F}.Release|Any CPU.Build.0 = Release|x64
		{E88B23E0-9D8D-4B43-AE19-CE329E2A752F}.Release|x64.ActiveCfg = Release|x64
		{E88B23E0-9D8D-4B43-AE19-CE329E2A752F}.Release|x64.Build.0 = Release|x64
		{E88B23E0-9D8D-4B43-AE19-CE329E2A752F}.Release|x86.ActiveCfg = Release|Win32
		{E88B23E0-9D8D-4B43-AE19-CE329E2A752F}.Release|x86.Build.0 = Release|Win32
		{0F381014-CF92-4DAE-A60D-672F02E0676D}.Debug|Any CPU.ActiveCfg = Debug|x64
		{0F381014-CF92-4DAE-A60D-672F02E0676D}.Debug|Any CPU.Build.0 = Debug|x64
		{0F381014-CF92-4DAE-A60D-672F02E0676D}.Debug|x64.ActiveCfg = Debug|x64
		{0F381014-CF92-4DAE-A60D-672F02E0676D}.Debug|x64.Build.0 = Debug|x64
		{0F381014-CF92-4DAE-A60D-672F02E0676D}.Debug|x86.ActiveCfg = Debug|Win32
		{0F381014-CF92-4DAE-A60D-672F02E0676D}.Debug|x86.Build.0 = Debug|Win32
		{0F381014-CF92-4DAE-A60D-672F02E0676D}.Release|Any CPU.ActiveCfg = Release|x64
		{0F381014-CF92-4DAE-A60D-672F02E0676D}.Release|Any CPU.Build.0 = Release|x64
		{0F381014-CF92-4DAE-A60D-672F02E0676D}.Release|x64.ActiveCfg = Release|x64
		{0F381014-CF92-4DAE-A60D-672F02E0676D}.Release|x64.Build.0 = Release|x64
		{0F381014-CF92-4DAE-A60D-672F02E0676D}.Release|x86.ActiveCfg = Release|Win32
		{0F381014-CF92-4DAE-A60D-672F02E0676D}.Release|x86.Build.0 = Release|Win32
		{71CE1EE0-1978-47EC-B823-C35AA1EEFAB4}.Debug|Any CPU.ActiveCfg = Debug|x64
		{71CE1EE0-1978-47EC-B823-C35AA1EEFAB4}.Debug|Any CPU.Build.0 = Debug|x64
		{71CE1EE0-1978-47EC-B823-C35AA1EEFAB4}.Debug|x64.ActiveCfg = Debug|x64
		{71CE1EE0-1978-47EC-B823-C35AA1EEFAB4}.Debug|x64.Build.0 = Debug|x64
		{71CE1EE0-1978-47EC-B823-C35AA1EEFAB4}.Debug|x86.ActiveCfg = Debug|Win32
		{71CE1EE0-1978-47EC-B823-C35AA1EEFAB4}.Debug|x86.Build.0 = Debug|Win32
		{71CE1EE0-1978-47EC-B823-C35AA1EEFAB4}.Release|Any CPU.ActiveCfg = Release|x64
		{71CE1EE0-1978-47EC-B823-C35AA1EEFAB4}.Release|Any CPU.Build.0 = Release|x64
		{71CE1EE0-1978-47EC-B823-C35AA1EEFAB4}.Release|x64.ActiveCfg = Release|x64
		{71CE1EE0-1978-47EC-B823-C35AA1EEFAB4}.Release|x64.Build.0 = Release|x64
		{71CE1EE0-1978-47EC-B823-C35AA1EEFAB4}.Release|x86.ActiveCfg = Release|Win32
		{71CE1EE0-1978-47EC-B823-C35AA1EEFAB4}.Release|x86.Build.0 = Release|Win32
		{49FEAC6B-8587-4EDA-920C-4091A1344C87}.Debug|Any CPU.ActiveCfg = Debug|x64
		{49FEAC6B-8587-4EDA-920C-4091A1344C87}.Debug|Any CPU.Build.0 = Debug|x64
		{49FEAC6B-8587-4EDA-920C-4091A1344C87}.Debug|x64.ActiveCfg = Debug|x64
		{49FEAC6B-8587-4EDA-920C-4091A1344C87}.Debug|x64.Build.0 = Debug|x64
		{49FEAC6B-8587-4EDA-920C-4091A1344C87}.Debug|x86.ActiveCfg = Debug|Win32
		{49FEAC6B-8587-4EDA-920C-4091A1344C87}.Debug|x86.Build.0 = Debug|Win32
		{49FEAC6B-8587-4EDA-920C-4091A1344C87}.Release|Any CPU.ActiveCfg = Release|x64
		{49FEAC6B-8587-4EDA-920C-4091A1344C87}.Release|Any CPU.Build.0 = Release|x64
		{49FEAC6B-8587-4EDA-920C-4091A1344C87}.Release|x64.ActiveCfg = Release|x64
		{49FEAC6B-8587-4EDA-920C-4091A1344C87}.Release|x64.Build.0 = Release|x64
		{49FEAC6B-8587-4EDA-920C-4091A1344C87}.Release|x86.ActiveCfg = Release|Win32
		{49FEAC6B-8587-4EDA-920C-4091A1344C87}.Release|x86.Build.0 = Release|Win32
		{34D6FBC5-8A08-4946-9C02-66396B624314}.Debug|Any CPU.ActiveCfg = Debug|x64
		{34D6FBC5-8A08-4946-9C02-66396B624314}.Debug|Any CPU.Build.0 = Debug|x64
		{34D6FBC5-8A08-4946-9C02-66396B624314}.Debug|x64.ActiveCfg = Debug|x64
		{34D6FBC5-8A08-4946-9C02-66396B624314}.Debug|x64.Build.0 = Debug|x64
		{34D6FBC5-8A08-4946-9C02-66396B624314}.Debug|x86.ActiveCfg = Debug|Win32
		{34D6FBC5-8A08-4946-9C02-66396B624314}.Debug|x86.Build.0 = Debug|Win32
		{34D6FBC5-8A08-4946-9C02-66396B624314}.Release|Any CPU.ActiveCfg = Release|x64
		{34D6FBC5-8A08-4946-9C02-66396B624314}.Release|Any CPU.Build.0 = Release|x64
		{34D6FBC5-8A08-4946-9C02-66396B624314}.Release|x64.ActiveCfg = Release|x64
		{34D6FBC5-8A08-4946-9C02-66396B624314}.Release|x64.Build.0 = Release|x64
		{34D6FBC5-8A08-4946-9C02-66396B624314}.Release|x86.ActiveCfg = Release|Win32
		{34D6FBC5-8A08-4946-9C02-66396B624314}.Release|x86.Build.0 = Release|Win32
		{FD9A656C-48DF-40BA-9024-A0F78E4A9E75}.Debug|Any CPU.ActiveCfg = Debug|x64
		{FD9A656C-48DF-40BA-9024-A0F78E4A9E75}.Debug|Any CPU.Build.0 = Debug|x64
		{FD9A656C-48DF-40BA-9024-A0F78E4A9E75}.Debug|x64.ActiveCfg = Debug|x64
		{FD9A656C-48DF-40BA-9024-A0F78E4A9E75}.Debug|x64.Build.0 = Debug|x64
		{FD9A656C-48DF-40BA-9024-A0F78E4A9E75}.Debug|x86.ActiveCfg = Debug|Win32
		{FD9A656C-48DF-40BA-9024-A0F78E4A9E75}.Debug|x86.Build.0 = Debug|Win32
		{FD9A656C-48DF-40BA-9024-A0F78E4A9E75}.Release|Any CPU.ActiveCfg = Release|x64
		{FD9A656C-48DF-40BA-9024-A0F78E4A9E75}.Release|Any CPU.Build.0 = Release|x64
		{FD9A656C-48DF-40BA-9024-A0F78E4A9E75}.Release|x64.ActiveCfg = Release|x64
		{FD9A656C-48DF-40BA-9024-A0F78E4A9E75}.Release|x64.Build.0 = Release|x64
		{FD9A656C-48DF-40BA-9024-A0F78E4A9E75}.Release|x86.ActiveCfg = Release|Win32
		{FD9A656C-48DF-40BA-9024-A0F78E4A9E75}.Release|x86.Build.0 = Release|Win32
		{949F6D13-3069-42CC-A069-7E27AB524A94}.Debug|Any CPU.ActiveCfg = Debug|x64
		{949F6D13-3069-42CC-A069-7E27AB524A94}.Debug|Any CPU.Build.0 = Debug|x64
		{949F6D13-3069-42CC-A069-7E27AB524A94}.Debug|x64.ActiveCfg = Debug|x64
		{949F6D13-3069-42CC-A069-7E27AB524A94}.Debug|x64.Build.0 = Debug|x64
		{949F6D13-3069-42CC-A069-7E27AB524A94}.Debug|x86.ActiveCfg = Debug|Win32
		{949F6D13-3069-42CC-A069-7E27AB524A94}.Debug|x86.Build.0 = Debug|Win32
		{949F6D13-3069-42CC-A069-7E27AB524A94}.Release|Any CPU.ActiveCfg = Release|x64
		{949F6D13-3069-42CC-A069-7E27AB524A94}.Release|Any CPU.Build.0 = Release|x64
		{949F6D13-3069-42CC-A069-7E27AB524A94}.Release|x64.ActiveCfg = Release|x64
		{949F6D13-3069-42CC-A069-7E27AB524A94}.Release|x64.Build.0 = Release|x64
		{949F6D13-3069-42CC-A069-7E27AB524A94}.Release|x86.ActiveCfg = Release|Win32
		{949F6D13-3069-42CC-A069-7E27AB524A94}.Release|x86.Build.0 = Release|Win32
		{460CFED0-7391-43BD-A38E-641B32BB0BF3}.Debug|Any CPU.ActiveCfg = Debug|x64
		{460CFED0-7391-43BD-A38E-641B32BB0BF3}.Debug|Any CPU.Build.0 = Debug|x64
		{460CFED0-7391-43BD-A38E-641B32BB0BF3}.Debug|x64.ActiveCfg = Debug|x64
		{460CFED0-7391-43BD-A38E-641B32BB0BF3}.Debug|x64.Build.0 = Debug|x64
		{460CFED0-7391-43BD-A38E-641B32BB0BF3}.Debug|x86.ActiveCfg = Debug|Win32
		{460CFED0-7391-43BD-A38E-641B32BB0BF3}.Debug|x86.Build.0 = Debug|Win32
		{460CFED0-7391-43BD-A38E-641B32BB0BF3}.Release|Any CPU.ActiveCfg = Release|x64
		{460CFED0-7391-43BD-A38E-641B32BB0BF3}.Release|Any CPU.Build.0 = Release|x64
		{460CFED0-7391-43BD-A38E-641B32BB0BF3}.Release|x64.ActiveCfg = Release|x64
		{460CFED0-7391-43BD-A38E-641B32BB0BF3}.Release|x64.Build.0 = Release|x64
		{460CFED0-7391-43BD-A38E-641B32BB0BF3}.Release|x86.ActiveCfg = Release|Win32
		{460CFED0-7391-43BD-A38E-641B32BB0BF3}.Release|x86.Build.0 = Release|Win32
		{984125C8-B199-4F8C-8A40-B1F80A5FF45F}.Debug|Any CPU.ActiveCfg = Debug|x64
		{984125C8-B199-4F8C-8A40-B1F80A5FF45F}.Debug|Any CPU.Build.0 = Debug|x64
		{984125C8-B199-4F8C-8A40-B1F80A5FF45F}.Debug|x64.ActiveCfg = Debug|x64
		{984125C8-B199-4F8C-8A40-B1F80A5FF45F}.Debug|x64.Build.0 = Debug|x64
		{984125C8-B199-4F8C-8A40-B1F80A5FF45F}.Debug|x86.ActiveCfg = Debug|Win32
		{984125C8-B199-4F8C-8A40-B1F80A5FF45F}.Debug|x86.Build.0 = Debug|Win32
		{984125C8-B199-4F8C-8A40-B1F80A5FF45F}.Release|Any CPU.ActiveCfg = Release|x64
		{984125C8-B199-4F8C-8A40-B1F80A5FF45F}.Release|Any CPU.Build.0 = Release|x64
		{984125C8-B199-4F8C-8A40-B1F80A5FF45F}.Release|x64.ActiveCfg = Release|x64
		{984125C8-B199-4F8C-8A40-B1F80A5FF45F}.Release|x64.Build.0 = Release|x64
		{984125C8-B199-4F8C-8A40-B1F80A5FF45F}.Release|x86.ActiveCfg = Release|Win32
		{984125C8-B199-4F8C-8A40-B1F80A5FF45F}.Release|x86.Build.0 = Release|Win32
		{47C6256F-053B-47FC-AEF2-E1253AF377D0}.Debug|Any CPU.ActiveCfg = Debug|x64
		{47C6256F-053B-47FC-AEF2-E1253AF377D0}.Debug|Any CPU.Build.0 = Debug|x64
		{47C6256F-053B-47FC-AEF2-E1253AF377D0}.Debug|x64.ActiveCfg = Debug|x64
		{47C6256F-053B-47FC-AEF2-E1253AF377D0}.Debug|x64.Build.0 = Debug|x64
		{47C6256F-053B-47FC-AEF2-E1253AF377D0}.Debug|x86.ActiveCfg = Debug|Win32
		{47C6256F-053B-47FC-AEF2-E1253AF377D0}.Debug|x86.Build.0 = Debug|Win32
		{47C6256F-053B-47FC-AEF2-E1253AF377D0}.Release|Any CPU.ActiveCfg = Release|x64
		{47C6256F-053B-47FC-AEF2-E1253AF377D0}.Release|Any CPU.Build.0 = Release|x64
		{47C6256F-053B-47FC-AEF2-E1253AF377D0}.Release|x64.ActiveCfg = Release|x64
		{47C6256F-053B-47FC-AEF2-E1253AF377D0}.Release|x64.Build.0 = Release|x64
		{47C6256F-053B-47FC-AEF2-E1253AF377D0}.Release|x86.ActiveCfg = Release|Win32
		{47C6256F-053B-47FC-AEF2-E1253AF377D0}.Release|x86.Build.0 = Release|Win32
		{C8CFE306-ED21-46A8-8AF3-1759B5288975}.Debug|Any CPU.ActiveCfg = Debug|x64
		{C8CFE306-ED21-46A8-8AF3-1759B5288975}.Debug|Any CPU.Build.0 = Debug|x64
		{C8CFE306-ED21-46A8-8AF3-1759B5288975}.Debug|x64.ActiveCfg = Debug|x64
		{C8CFE306-ED21-46A8-8AF3-1759B5288975}.Debug|x64.Build.0 = Debug|x64
		{C8CFE306-ED21-46A8-8AF3-1759B5288975}.Debug|x86.ActiveCfg = Debug|Win32
		{C8CFE306-ED21-46A8-8AF3-1759B5288975}.Debug|x86.Build.0 = Debug|Win32
		{C8CFE306-ED21-46A8-8AF3-1759B5288975}.Release|Any CPU.ActiveCfg = Release|x64
		{C8CFE306-ED21-46A8-8AF3-1759B5288975}.Release|Any CPU.Build.0 = Release|x64
		{C8CFE306-ED21-46A8-8AF3-1759B5288975}.Release|x64.ActiveCfg = Release|x64
		{C8CFE306-ED21-46A8-8AF3-1759B5288975}.Release|x64.Build.0 = Release|x64
		{C8CFE306-ED21-46A8-8AF3-1759B5288975}.Release|x86.ActiveCfg = Release|Win32
		{C8CFE306-ED21-46A8-8AF3-1759B5288975}.Release|x86.Build.0 = Release|Win32
		{81E2A35F-9B75-42DA-9779-431816C93678}.Debug|Any CPU.ActiveCfg = Debug|x64
		{81E2A35F-9B75-42DA-9779-431816C93678}.Debug|Any CPU.Build.0 = Debug|x64
		{81E2A35F-9B75-42DA-9779-431816C93678}.Debug|x64.ActiveCfg = Debug|x64
		{81E2A35F-9B75-42DA-9779-431816C93678}.Debug|x64.Build.0 = Debug|x64
		{81E2A35F-9B75-42DA-9779-431816C93678}.Debug|x86.ActiveCfg = Debug|Win32
		{81E2A35F-9B75-42DA-9779-431816C93678}.Debug|x86.Build.0 = Debug|Win32
		{81E2A35F-9B75-42DA-9779-431816C93678}.Release|Any CPU.ActiveCfg = Release|x64
		{81E2A35F-9B75-42DA-9779-431816C93678}.Release|Any CPU.Build.0 = Release|x64
		{81E2A35F-9B75-42DA-9779-431816C93678}.Release|x64.ActiveCfg = Release|x64
		{81E2A35F-9B75-42DA-9779-431816C93678}.Release|x64.Build.0 = Release|x64
		{81E2A35F-9B75-42DA-9779-431816C93678}.Release|x86.ActiveCfg = Release|Win32
		{81E2A35F-9B75-42DA-9779-431816C93678}.Release|x86.Build.0 = Release|Win32
		{811467AD-B37B-413D-9E6A-9610707A18A3}.Debug|Any CPU.ActiveCfg = Debug|x64
		{811467AD-B37B-413D-9E6A-9610707A18A3}.Debug|Any CPU.Build.0 = Debug|x64
		{811467AD-B37B-413D-9E6A-9610707A18A3}.Debug|x64.ActiveCfg = Debug|x64
		{811467AD-B37B-413D-9E6A-9610707A18A3}.Debug|x64.Build.0 = Debug|x64
		{811467AD-B37B-413D-9E6A-9610707A18A3}.Debug|x86.ActiveCfg = Debug|Win32
		{811467AD-B37B-413D-9E6A-9610707A18A3}.Debug|x86.Build.0 = Debug|Win32
		{811467AD-B37B-413D-9E6A-9610707A18A3}.Release|Any CPU.ActiveCfg = Release|x64
		{811467AD-B37B-413D-9E6A-9610707A18A3}.Release|Any CPU.Build.0 = Release|x64
		{811467AD-B37B-413D-9E6A-9610707A18A3}.Release|x64.ActiveCfg = Release|x64
		{811467AD-B37B-413D-9E6A-9610707A18A3}.Release|x64.Build.0 = Release|x64
		{811467AD-B37B-413D-9E6A-9610707A18A3}.Release|x86.ActiveCfg = Release|Win32
		{811467AD-B37B-413D-9E6A-9610707A18A3}.Release|x86.Build.0 = Release|Win32
		{98D70FC2-55BD-4758-B7B2-CFB4A1D661F7}.Debug|Any CPU.ActiveCfg = Debug|x64
		{98D70FC2-55BD-4758-B7B2-CFB4A1D661F7}.Debug|Any CPU.Build.0 = Debug|x64
		{98D70FC2-55BD-4758-B7B2-CFB4A1D661F7}.Debug|x64.ActiveCfg = Debug|x64
		{98D70FC2-55BD-4758-B7B2-CFB4A1D661F7}.Debug|x64.Build.0 = Debug|x64
		{98D70FC2-55BD-4758-B7B2-CFB4A1D661F7}.Debug|x86.ActiveCfg = Debug|Win32
		{98D70FC2-55BD-4758-B7B2-CFB4A1D661F7}.Debug|x86.Build.0 = Debug|Win32
		{98D70FC2-55BD-4758-B7B2-CFB4A1D661F7}.Release|Any CPU.ActiveCfg = Release|x64
		{98D70FC2-55BD-4758-B7B2-CFB4A1D661F7}.Release|Any CPU.Build.0 = Release|x64
		{98D70FC2-55BD-4758-B7B2-CFB4A1D661F7}.Release|x64.ActiveCfg = Release|x64
		{98D70FC2-55BD-4758-B7B2-CFB4A1D661F7}.Release|x64.Build.0 = Release|x64
		{98D70FC2-55BD-4758-B7B2-CFB4A1D661F7}.Release|x86.ActiveCfg = Release|Win32
		{98D70FC2-55BD-4758-B7B2-CFB4A1D661F7}.Release|x86.Build.0 = Release|Win32
		{102AED62-2881-4026-BA94-09BF094BA4A6}.Debug|Any CPU.ActiveCfg = Debug|x64
		{102AED62-2881-4026-BA94-09BF094BA4A6}.Debug|Any CPU.Build.0 = Debug|x64
		{102AED62-2881-4026-BA94-09BF094BA4A6}.Debug|x64.ActiveCfg = Debug|x64
		{102AED62-2881-4026-BA94-09BF094BA4A6}.Debug|x64.Build.0 = Debug|x64
		{102AED62-2881-4026-BA94-09BF094BA4A6}.Debug|x86.ActiveCfg = Debug|Win32
		{102AED62-2881-4026-BA94-09BF094BA4A6}.Debug|x86.Build.0 = Debug|Win32
		{102AED62-2881-4026-BA94-09BF094BA4A6}.Release|Any CPU.ActiveCfg = Release|x64
		{102AED62-2881-4026-BA94-09BF094BA4A6}.Release|Any CPU.Build.0 = Release|x64
		{102AED62-2881-4026-BA94-09BF094BA4A6}.Release|x64.ActiveCfg = Release|x64
		{102AED62-2881-4026-BA94-09BF094BA4A6}.Release|x64.Build.0 = Release|x64
		{102AED62-2881-4026-BA94-09BF094BA4A6}.Release|x86.ActiveCfg = Release|Win32
		{102AED62-2881-4026-BA94-09BF094BA4A6}.Release|x86.Build.0 = Release|Win32
		{0D6550C6-9051-4C43-B62A-BC141C267C92}.Debug|Any CPU.ActiveCfg = Debug|x64
		{0D6550C6-9051-4C43-B62A-BC141C267C92}.Debug|Any CPU.Build.0 = Debug|x64
		{0D6550C6-9051-4C43-B62A-BC141C267C92}.Debug|x64.ActiveCfg = Debug|x64
		{0D6550C6-9051-4C43-B62A-BC141C267C92}.Debug|x64.Build.0 = Debug|x64
		{0D6550C6-9051-4C43-B62A-BC141C267C92}.Debug|x86.ActiveCfg = Debug|Win32
		{0D6550C6-9051-4C43-B62A-BC141C267C92}.Debug|x86.Build.0 = Debug|Win32
		{0D6550C6-9051-4C43-B62A-BC141C267C92}.Release|Any CPU.ActiveCfg = Release|x64
		{0D6550C6-9051-4C43-B62A-BC141C267C92}.Release|Any CPU.Build.0 = Release|x64
		{0D6550C6-9051-4C43-B62A-BC141C267C92}.Release|x64.ActiveCfg = Release|x64
		{0D6550C6-9051-4C43-B62A-BC141C267C92}.Release|x64.Build.0 = Release|x64
		{0D6550C6-9051-4C43-B62A-BC141C267C92}.Release|x86.ActiveCfg = Release|Win32
		{0D6550C6-9051-4C43-B62A-BC141C267C92}.Release|x86.Build.0 = Release|Win32
		{6861BBEB-F08C-4A71-A5E2-02FA5AB7D3D1}.Debug|Any CPU.ActiveCfg = Debug|x64
		{6861BBEB-F08C-4A71-A5E2-02FA5AB7D3D1}.Debug|Any CPU.Build.0 = Debug|x64
		{6861BBEB-F08C-4A71-A5E2-02FA5AB7D3D1}.Debug|x64.ActiveCfg = Debug|x64
		{6861BBEB-F08C-4A71-A5E2-02FA5AB7D3D1}.Debug|x64.Build.0 = Debug|x64
		{6861BBEB-F08C-4A71-A5E2-02FA5AB7D3D1}.Debug|x86.ActiveCfg = Debug|Win32
		{6861BBEB-F08C-4A71-A5E2-02FA5AB7D3D1}.Debug|x86.Build.0 = Debug|Win32
		{6861BBEB-F08C-4A71-A5E2-02FA5AB7D3D1}.Release|Any CPU.ActiveCfg = Release|x64
		{6861BBEB-F08C-4A71-A5E2-02FA5AB7D3D1}.Release|Any CPU.Build.0 = Release|x64
		{6861BBEB-F08C-4A71-A5E2-02FA5AB7D3D1}.Release|x64.ActiveCfg = Release|x64
		{6861BBEB-F08C-4A71-A5E2-02FA5AB7D3D1}.Release|x64.Build.0 = Release|x64
		{6861BBEB-F08C-4A71-A5E2-02FA5AB7D3D1}.Release|x86.ActiveCfg = Release|Win32
		{6861BBEB-F08C-4A71-A5E2-02FA5AB7D3D1}.Release|x86.Build.0 = Release|Win32
		{FB688F74-A2D4-4B1F-9609-A849C7AA42FE}.Debug|Any CPU.ActiveCfg = Debug|x64
		{FB688F74-A2D4-4B1F-9609-A849C7AA42FE}.Debug|Any CPU.Build.0 = Debug|x64
		{FB688F74-A2D4-4B1F-9609-A849C7AA42FE}.Debug|x64.ActiveCfg = Debug|x64
		{FB688F74-A2D4-4B1F-9609-A849C7AA42FE}.Debug|x64.Build.0 = Debug|x64
		{FB688F74-A2D4-4B1F-9609-A849C7AA42FE}.Debug|x86.ActiveCfg = Debug|Win32
		{FB688F74-A2D4-4B1F-9609-A849C7AA42FE}.Debug|x86.Build.0 = Debug|Win32
		{FB688F74-A2D4-4B1F-9609-A849C7AA42FE}.Release|Any CPU.ActiveCfg = Release|x64
		{FB688F74-A2D4-4B1F-9609-A849C7AA42FE}.Release|Any CPU.Build.0 = Release|x64
		{FB688F74-A2D4-4B1F-9609-A849C7AA42FE}.Release|x64.ActiveCfg = Release|x64
		{FB688F74-A2D4-4B1F-9609-A849C7AA42FE}.Release|x64.Build.0 = Release|x64
		{FB688F74-A2D4-4B1F-9609-A849C7AA42FE}.Release|x86.ActiveCfg = Release|Win32
		{FB688F74-A2D4-4B1F-9609-A849C7AA42FE}.Release|x86.Build.0 = Release|Win32
		{4807F3BE-B49F-49D1-A248-1CFBBDAD9B9E}.Debug|Any CPU.ActiveCfg = Debug|x64
		{4807F3BE-B49F-49D1-A248-1CFBBDAD9B9E}.Debug|Any CPU.Build.0 = Debug|x64
		{4807F3BE-B49F-49D1-A248-1CFBBDAD9B9E}.Debug|x64.ActiveCfg = Debug|x64
		{4807F3BE-B49F-49D1-A248-1CFBBDAD9B9E}.Debug|x64.Build.0 = Debug|x64
		{4807F3BE-B49F-49D1-A248-1CFBBDAD9B9E}.Debug|x86.ActiveCfg = Debug|Win32
		{4807F3BE-B49F-49D1-A248-1CFBBDAD9B9E}.Debug|x86.Build.0 = Debug|Win32
		{4807F3BE-B49F-49D1-A248-1CFBBDAD9B9E}.Release|Any CPU.ActiveCfg = Release|x64
		{4807F3BE-B49F-49D1-A248-1CFBBDAD9B9E}.Release|Any CPU.Build.0 = Release|x64
		{4807F3BE-B49F-49D1-A248-1CFBBDAD9B9E}.Release|x64.ActiveCfg = Release|x64
		{4807F3BE-B49F-49D1-A248-1CFBBDAD9B9E}.Release|x64.Build.0 = Release|x64
		{4807F3BE-B49F-49D1-A248-1CFBBDAD9B9E}.Release|x86.ActiveCfg = Release|Win32
		{4807F3BE-B49F-49D1-A248-1CFBBDAD9B9E}.Release|x86.Build.0 = Release|Win32
		{EBD4BC59-B81A-47EA-8D10-90583AD87A3D}.Debug|Any CPU.ActiveCfg = Debug|x64
		{EBD4BC59-B81A-47EA-8D10-90583AD87A3D}.Debug|Any CPU.Build.0 = Debug|x64
		{EBD4BC59-B81A-47EA-8D10-90583AD87A3D}.Debug|x64.ActiveCfg = Debug|x64
		{EBD4BC59-B81A-47EA-8D10-90583AD87A3D}.Debug|x64.Build.0 = Debug|x64
		{EBD4BC59-B81A-47EA-8D10-90583AD87A3D}.Debug|x86.ActiveCfg = Debug|Win32
		{EBD4BC59-B81A-47EA-8D10-90583AD87A3D}.Debug|x86.Build.0 = Debug|Win32
		{EBD4BC59-B81A-47EA-8D10-90583AD87A3D}.Release|Any CPU.ActiveCfg = Release|x64
		{EBD4BC59-B81A-47EA-8D10-90583AD87A3D}.Release|Any CPU.Build.0 = Release|x64
		{EBD4BC59-B81A-47EA-8D10-90583AD87A3D}.Release|x64.ActiveCfg = Release|x64
		{EBD4BC59-B81A-47EA-8D10-90583AD87A3D}.Release|x64.Build.0 = Release|x64
		{EBD4BC59-B81A-47EA-8D10-90583AD87A3D}.Release|x86.ActiveCfg = Release|Win32
		{EBD4BC59-B81A-47EA-8D10-90583AD87A3D}.Release|x86.Build.0 = Release|Win32
		{F41D9DC7-7015-4E65-B88D-F7C854AAD8FF}.Debug|Any CPU.ActiveCfg = Debug|x64
		{F41D9DC7-7015-4E65-B88D-F7C854AAD8FF}.Debug|Any CPU.Build.0 = Debug|x64
		{F41D9DC7-7015-4E65-B88D-F7C854AAD8FF}.Debug|x64.ActiveCfg = Debug|x64
		{F41D9DC7-7015-4E65-B88D-F7C854AAD8FF}.Debug|x64.Build.0 = Debug|x64
		{F41D9DC7-7015-4E65-B88D-F7C854AAD8FF}.Debug|x86.ActiveCfg = Debug|Win32
		{F41D9DC7-7015-4E65-B88D-F7C854AAD8FF}.Debug|x86.Build.0 = Debug|Win32
		{F41D9DC7-7015-4E65-B88D-F7C854AAD8FF}.Release|Any CPU.ActiveCfg = Release|x64
		{F41D9DC7-7015-4E65-B88D-F7C854AAD8FF}.Release|Any CPU.Build.0 = Release|x64
		{F41D9DC7-7015-4E65-B88D-F7C854AAD8FF}.Release|x64.ActiveCfg = Release|x64
		{F41D9DC7-7015-4E65-B88D-F7C854AAD8FF}.Release|x64.Build.0 = Release|x64
		{F41D9DC7-7015-4E65-B88D-F7C854AAD8FF}.Release|x86.ActiveCfg = Release|Win32
		{F41D9DC7-7015-4E65-B88D-F7C854AAD8FF}.Release|x86.Build.0 = Release|Win32
		{3F40BC9C-F463-4597-8A38-2B94A68497E6}.Debug|Any CPU.ActiveCfg = Debug|x64
		{3F40BC9C-F463-4597-8A38-2B94A68497E6}.Debug|Any CPU.Build.0 = Debug|x64
		{3F40BC9C-F463-4597-8A38-2B94A68497E6}.Debug|x64.ActiveCfg = Debug|x64
		{3F40BC9C-F463-4597-8A38-2B94A68497E6}.Debug|x64.Build.0 = Debug|x64
		{3F40BC9C-F463-4597-8A38-2B94A68497E6}.Debug|x86.ActiveCfg = Debug|Win32
		{3F40BC9C-F463-4597-8A38-2B94A68497E6}.Debug|x86.Build.0 = Debug|Win32
		{3F40BC9C-F463-4597-8A38-2B94A68497E6}.Release|Any CPU.ActiveCfg = Release|x64
		{3F40BC9C-F463-4597-8A38-2B94A68497E6}.Release|Any CPU.Build.0 = Release|x64
		{3F40BC9C-F463-4597-8A38-2B94A68497E6}.Release|x64.ActiveCfg = Release|x64
		{3F40BC9C-F463-4597-8A38-2B94A68497E6}.Release|x64.Build.0 = Release|x64
		{3F40BC9C-F463-4597-8A38-2B94A68497E6}.Release|x86.ActiveCfg = Release|Win32
		{3F40BC9C-F463-4597-8A38-2B94A68497E6}.Release|x86.Build.0 = Release|Win32
		{5B5EC9E3-3A8E-46C2-ACAE-5145D6000172}.Debug|Any CPU.ActiveCfg = Debug|x64
		{5B5EC9E3-3A8E-46C2-ACAE-5145D6000172}.Debug|Any CPU.Build.0 = Debug|x64
		{5B5EC9E3-3A8E-46C2-ACAE-5145D6000172}.Debug|x64.ActiveCfg = Debug|x64
		{5B5EC9E3-3A8E-46C2-ACAE-5145D6000172}.Debug|x64.Build.0 = Debug|x64
		{5B5EC9E3-3A8E-46C2-ACAE-5145D6000172}.Debug|x86.ActiveCfg = Debug|Win32
		{5B5EC9E3-3A8E-46C2-ACAE-5145D6000172}.Debug|x86.Build.0 = Debug|Win32
		{5B5EC9E3-3A8E-46C2-ACAE-5145D6000172}.Release|Any CPU.ActiveCfg = Release|x64
		{5B5EC9E3-3A8E-46C2-ACAE-5145D6000172}.Release|Any CPU.Build.0 = Release|x64
		{5B5EC9E3-3A8E-46C2-ACAE-5145D6000172}.Release|x64.ActiveCfg = Release|x64
		{5B5EC9E3-3A8E-46C2-ACAE-5145D6000172}.Release|x64.Build.0 = Release|x64
		{5B5EC9E3-3A8E-46C2-ACAE-5145D6000172}.Release|x86.ActiveCfg = Release|Win32
		{5B5EC9E3-3A8E-46C2-ACAE-5145D6000172}.Release|x86.Build.0 = Release|Win32
		{3C565A97-46CD-49E5-BD70-10FB27171390}.Debug|Any CPU.ActiveCfg = Debug|x64
		{3C565A97-46CD-49E5-BD70-10FB27171390}.Debug|Any CPU.Build.0 = Debug|x64
		{3C565A97-46CD-49E5-BD70-10FB27171390}.Debug|x64.ActiveCfg = Debug|x64
		{3C565A97-46CD-49E5-BD70-10FB27171390}.Debug|x64.Build.0 = Debug|x64
		{3C565A97-46CD-49E5-BD70-10FB27171390}.Debug|x86.ActiveCfg = Debug|Win32
		{3C565A97-46CD-49E5-BD70-10FB27171390}.Debug|x86.Build.0 = Debug|Win32
		{3C565A97-46CD-49E5-BD70-10FB27171390}.Release|Any CPU.ActiveCfg = Release|x64
		{3C565A97-46CD-49E5-BD70-10FB27171390}.Release|Any CPU.Build.0 = Release|x64
		{3C565A97-46CD-49E5-BD70-10FB27171390}.Release|x64.ActiveCfg = Release|x64
		{3C565A97-46CD-49E5-BD70-10FB27171390}.Release|x64.Build.0 = Release|x64
		{3C565A97-46CD-49E5-BD70-10FB27171390}.Release|x86.ActiveCfg = Release|Win32
		{3C565A97-46CD-49E5-BD70-10FB27171390}.Release|x86.Build.0 = Release|Win32
		{B4D3414F-4E98-44B8-A4C8-8CBA3D5E7007}.Debug|Any CPU.ActiveCfg = Debug|x64
		{B4D3414F-4E98-44B8-A4C8-8CBA3D5E7007}.Debug|Any CPU.Build.0 = Debug|x64
		{B4D3414F-4E98-44B8-A4C8-8CBA3D5E7007}.Debug|x64.ActiveCfg = Debug|x64
		{B4D3414F-4E98-44B8-A4C8-8CBA3D5E7007}.Debug|x64.Build.0 = Debug|x64
		{B4D3414F-4E98-44B8-A4C8-8CBA3D5E7007}.Debug|x86.ActiveCfg = Debug|Win32
		{B4D3414F-4E98-44B8-A4C8-8CBA3D5E7007}.Debug|x86.Build.0 = Debug|Win32
		{B4D3414F-4E98-44B8-A4C8-8CBA3D5E7007}.Release|Any CPU.ActiveCfg = Release|x64
		{B4D3414F-4E98-44B8-A4C8-8CBA3D5E7007}.Release|Any CPU.Build.0 = Release|x64
		{B4D3414F-4E98-44B8-A4C8-8CBA3D5E7007}.Release|x64.ActiveCfg = Release|x64
		{B4D3414F-4E98-44B8-A4C8-8CBA3D5E7007}.Release|x64.Build.0 = Release|x64
		{B4D3414F-4E98-44B8-A4C8-8CBA3D5E7007}.Release|x86.ActiveCfg = Release|Win32
		{B4D3414F-4E98-44B8-A4C8-8CBA3D5E7007}.Release|x86.Build.0 = Release|Win32
		{1731BF10-EA67-4D90-9C76-EABF74DBB4DA}.Debug|Any CPU.ActiveCfg = Debug|x64
		{1731BF10-EA67-4D90-9C76-EABF74DBB4DA}.Debug|Any CPU.Build.0 = Debug|x64
		{1731BF10-EA67-4D90-9C76-EABF74DBB4DA}.Debug|x64.ActiveCfg = Debug|x64
		{1731BF10-EA67-4D90-9C76-EABF74DBB4DA}.Debug|x64.Build.0 = Debug|x64
		{1731BF10-EA67-4D90-9C76-EABF74DBB4DA}.Debug|x86.ActiveCfg = Debug|Win32
		{1731BF10-EA67-4D90-9C76-EABF74DBB4DA}.Debug|x86.Build.0 = Debug|Win32
		{1731BF10-EA67-4D90-9C76-EABF74DBB4DA}.Release|Any CPU.ActiveCfg = Release|x64
		{1731BF10-EA67-4D90-9C76-EABF74DBB4DA}.Release|Any CPU.Build.0 = Release|x64
		{1731BF10-EA67-4D90-9C76-EABF74DBB4DA}.Release|x64.ActiveCfg = Release|x64
		{1731BF10-EA67-4D90-9C76-EABF74DBB4DA}.Release|x64.Build.0 = Release|x64
		{1731BF10-EA67-4D90-9C76-EABF74DBB4DA}.Release|x86.ActiveCfg = Release|Win32
		{1731BF10-EA67-4D90-9C76-EABF74DBB4DA}.Release|x86.Build.0 = Release|Win32
	EndGlobalSection
	GlobalSection(SolutionProperties) = preSolution
		HideSolutionNode = FALSE
	EndGlobalSection
	GlobalSection(NestedProjects) = preSolution
		{C989F2E2-14F7-4D58-B9D5-09B6607588EF} = {6948A602-F2A3-4463-8790-0EE0E7CC8A04}
		{80317547-D323-435C-B653-69E104425A57} = {60021374-D168-49F8-BA40-32AA73DE0A21}
		{23BF5C1C-78D0-408B-A80D-D1507D5734B2} = {9E3B7D0E-2F18-4969-A1A9-027F50829987}
		{EEB32487-FCCA-4716-889C-FC26AF91DFE8} = {9E3B7D0E-2F18-4969-A1A9-027F50829987}
		{DAC3F99A-DC86-4588-8E0C-4EB9DBBE4F7E} = {9E3B7D0E-2F18-4969-A1A9-027F50829987}
		{1F9173A1-1F52-441E-B71D-0E862497DCC4} = {E09918F7-ADBD-4C0F-B65D-7AEC6C69CD06}
		{79E0CBEB-79AE-4031-B02E-F73E3B8A02CB} = {E09918F7-ADBD-4C0F-B65D-7AEC6C69CD06}
		{26C70DAA-9DB1-417A-94E7-CF303FCF0FFD} = {E09918F7-ADBD-4C0F-B65D-7AEC6C69CD06}
		{8634C1E3-B393-4B1F-A537-B19959CED8D2} = {697CD336-0912-46EA-8853-A96248CA8AA7}
		{E5B8213B-763A-436C-9D19-16D30DD12F30} = {697CD336-0912-46EA-8853-A96248CA8AA7}
		{37A808E6-4622-4407-9272-257214597F13} = {94143F6A-554F-44E5-866E-967BB70174AD}
		{E88B23E0-9D8D-4B43-AE19-CE329E2A752F} = {94143F6A-554F-44E5-866E-967BB70174AD}
		{0F381014-CF92-4DAE-A60D-672F02E0676D} = {C7222C1E-D7C8-41F3-9C81-7BB327A22C29}
		{71CE1EE0-1978-47EC-B823-C35AA1EEFAB4} = {C7222C1E-D7C8-41F3-9C81-7BB327A22C29}
		{49FEAC6B-8587-4EDA-920C-4091A1344C87} = {69A6FB14-5010-4BD0-9E76-706999AC3588}
		{34D6FBC5-8A08-4946-9C02-66396B624314} = {69A6FB14-5010-4BD0-9E76-706999AC3588}
		{FD9A656C-48DF-40BA-9024-A0F78E4A9E75} = {69A6FB14-5010-4BD0-9E76-706999AC3588}
		{949F6D13-3069-42CC-A069-7E27AB524A94} = {69A6FB14-5010-4BD0-9E76-706999AC3588}
		{460CFED0-7391-43BD-A38E-641B32BB0BF3} = {F0A541A3-6A22-4075-A9E9-4F1CB53871B9}
		{984125C8-B199-4F8C-8A40-B1F80A5FF45F} = {9A885F20-9122-4220-A481-7EEC89E5BD8F}
		{47C6256F-053B-47FC-AEF2-E1253AF377D0} = {9A885F20-9122-4220-A481-7EEC89E5BD8F}
		{C8CFE306-ED21-46A8-8AF3-1759B5288975} = {C21DD33C-5D32-4593-B926-6206118AD478}
		{81E2A35F-9B75-42DA-9779-431816C93678} = {C21DD33C-5D32-4593-B926-6206118AD478}
		{811467AD-B37B-413D-9E6A-9610707A18A3} = {C21DD33C-5D32-4593-B926-6206118AD478}
		{77B35493-B874-49DB-89E1-346E30FECBFF} = {D756D397-6A01-444F-BDA7-A8AFB6204E18}
		{98D70FC2-55BD-4758-B7B2-CFB4A1D661F7} = {77B35493-B874-49DB-89E1-346E30FECBFF}
		{24A367A8-D055-426A-A232-F34BBE55E0CC} = {D756D397-6A01-444F-BDA7-A8AFB6204E18}
		{102AED62-2881-4026-BA94-09BF094BA4A6} = {24A367A8-D055-426A-A232-F34BBE55E0CC}
		{DBB12C36-754E-4DE7-9207-6ACA0B0ED9BF} = {6C2ACB74-D533-418D-AFF9-2C803C4B476A}
		{0D6550C6-9051-4C43-B62A-BC141C267C92} = {DBB12C36-754E-4DE7-9207-6ACA0B0ED9BF}
		{196792DF-2CB0-4C88-A47A-BDCC11A22A98} = {6C2ACB74-D533-418D-AFF9-2C803C4B476A}
		{716DC7F2-1FA3-4B02-9ECE-8976A17B00A5} = {B378C51E-E056-487E-8F37-FF9B6524D3D0}
		{6861BBEB-F08C-4A71-A5E2-02FA5AB7D3D1} = {716DC7F2-1FA3-4B02-9ECE-8976A17B00A5}
		{FB688F74-A2D4-4B1F-9609-A849C7AA42FE} = {716DC7F2-1FA3-4B02-9ECE-8976A17B00A5}
		{68016C1D-E428-42B1-BFA3-0FB18480AA5F} = {3F559722-9EEC-4E68-B222-9C78C6DAC6C2}
		{4807F3BE-B49F-49D1-A248-1CFBBDAD9B9E} = {68016C1D-E428-42B1-BFA3-0FB18480AA5F}
		{FB8E5E94-590E-4D08-83DC-BE4FB3050918} = {3F559722-9EEC-4E68-B222-9C78C6DAC6C2}
		{EBD4BC59-B81A-47EA-8D10-90583AD87A3D} = {FB8E5E94-590E-4D08-83DC-BE4FB3050918}
		{32F10222-3694-4779-8B29-7971ED01882C} = {7626FC60-9967-4377-827E-8A562566E9B5}
		{F41D9DC7-7015-4E65-B88D-F7C854AAD8FF} = {32F10222-3694-4779-8B29-7971ED01882C}
		{92AC3DFE-48A5-473D-B1A3-A58300CE01FD} = {418BE46D-1D76-423F-AB15-4872165F6F1A}
		{3F40BC9C-F463-4597-8A38-2B94A68497E6} = {92AC3DFE-48A5-473D-B1A3-A58300CE01FD}
		{5B5EC9E3-3A8E-46C2-ACAE-5145D6000172} = {92AC3DFE-48A5-473D-B1A3-A58300CE01FD}
		{3C565A97-46CD-49E5-BD70-10FB27171390} = {92AC3DFE-48A5-473D-B1A3-A58300CE01FD}
		{B4D3414F-4E98-44B8-A4C8-8CBA3D5E7007} = {92AC3DFE-48A5-473D-B1A3-A58300CE01FD}
		{0781AA07-9A7D-485A-B4DA-122AD7DC1663} = {BE29D35C-6775-4319-B05C-362699690A2F}
		{1731BF10-EA67-4D90-9C76-EABF74DBB4DA} = {0781AA07-9A7D-485A-B4DA-122AD7DC1663}
	EndGlobalSection
	GlobalSection(ExtensibilityGlobals) = postSolution
		SolutionGuid = {81F768DC-A980-4557-B13E-B37E2A568E77}
	EndGlobalSection
EndGlobal
