
Microsoft Visual Studio Solution File, Format Version 12.00
# Visual Studio Version 17
VisualStudioVersion = 17.3.32929.385
MinimumVisualStudioVersion = 10.0.40219.1
Project("{8BC9CEB8-8B4A-11D0-8D11-00A0C91BC942}") = "OOP intro", "OOP intro\OOP intro.vcxproj", "{C989F2E2-14F7-4D58-B9D5-09B6607588EF}"
EndProject
Project("{2150E333-8FDC-42A3-9474-1A3956D46DE8}") = "Lesson 1", "Lesson 1", "{6948A602-F2A3-4463-8790-0EE0E7CC8A04}"
EndProject
Project("{2150E333-8FDC-42A3-9474-1A3956D46DE8}") = "Lesson 2", "Lesson 2", "{60021374-D168-49F8-BA40-32AA73DE0A21}"
EndProject
Project("{8BC9CEB8-8B4A-11D0-8D11-00A0C91BC942}") = "constructor, destructor", "constructor, destructor\constructor, destructor.vcxproj", "{80317547-D323-435C-B653-69E104425A57}"
EndProject
Project("{2150E333-8FDC-42A3-9474-1A3956D46DE8}") = "Lesson 3", "Lesson 3", "{9E3B7D0E-2F18-4969-A1A9-027F50829987}"
EndProject
Project("{8BC9CEB8-8B4A-11D0-8D11-00A0C91BC942}") = "Initialization", "Initialization\Initialization.vcxproj", "{23BF5C1C-78D0-408B-A80D-D1507D5734B2}"
EndProject
Project("{8BC9CEB8-8B4A-11D0-8D11-00A0C91BC942}") = "Delegation", "Delegation\Delegation.vcxproj", "{EEB32487-FCCA-4716-889C-FC26AF91DFE8}"
EndProject
Project("{8BC9CEB8-8B4A-11D0-8D11-00A0C91BC942}") = "Static fields and methods", "Static fields and methods\Static fields and methods.vcxproj", "{DAC3F99A-DC86-4588-8E0C-4EB9DBBE4F7E}"
EndProject
Project("{2150E333-8FDC-42A3-9474-1A3956D46DE8}") = "Lesson 4", "Lesson 4", "{E09918F7-ADBD-4C0F-B65D-7AEC6C69CD06}"
EndProject
Project("{8BC9CEB8-8B4A-11D0-8D11-00A0C91BC942}") = "static fields and static methods", "static fields and static methods\static fields and static methods.vcxproj", "{1F9173A1-1F52-441E-B71D-0E862497DCC4}"
EndProject
Project("{8BC9CEB8-8B4A-11D0-8D11-00A0C91BC942}") = "const fields", "const fields\const fields.vcxproj", "{79E0CBEB-79AE-4031-B02E-F73E3B8A02CB}"
EndProject
Project("{8BC9CEB8-8B4A-11D0-8D11-00A0C91BC942}") = "without_copy constructor", "without_copy constructor\without_copy constructor.vcxproj", "{26C70DAA-9DB1-417A-94E7-CF303FCF0FFD}"
EndProject
Project("{2150E333-8FDC-42A3-9474-1A3956D46DE8}") = "Lesson 5", "Lesson 5", "{697CD336-0912-46EA-8853-A96248CA8AA7}"
EndProject
Project("{8BC9CEB8-8B4A-11D0-8D11-00A0C91BC942}") = "with_copy_constructor", "with_copy_constructor\with_copy_constructor.vcxproj", "{8634C1E3-B393-4B1F-A537-B19959CED8D2}"
EndProject
Project("{8BC9CEB8-8B4A-11D0-8D11-00A0C91BC942}") = "operator_overloading", "operator_overloading\operator_overloading.vcxproj", "{E5B8213B-763A-436C-9D19-16D30DD12F30}"
EndProject
Project("{2150E333-8FDC-42A3-9474-1A3956D46DE8}") = "Lesson 6", "Lesson 6", "{94143F6A-554F-44E5-866E-967BB70174AD}"
EndProject
Project("{8BC9CEB8-8B4A-11D0-8D11-00A0C91BC942}") = "Human overloading", "Human overloading\Human overloading.vcxproj", "{37A808E6-4622-4407-9272-257214597F13}"
EndProject
Project("{8BC9CEB8-8B4A-11D0-8D11-00A0C91BC942}") = "const_methods", "const_methods\const_methods.vcxproj", "{E88B23E0-9D8D-4B43-AE19-CE329E2A752F}"
EndProject
Project("{2150E333-8FDC-42A3-9474-1A3956D46DE8}") = "Lesson 7", "Lesson 7", "{C7222C1E-D7C8-41F3-9C81-7BB327A22C29}"
EndProject
Project("{8BC9CEB8-8B4A-11D0-8D11-00A0C91BC942}") = "Delegation example", "Delegation example\Delegation example.vcxproj", "{0F381014-CF92-4DAE-A60D-672F02E0676D}"
EndProject
Project("{8BC9CEB8-8B4A-11D0-8D11-00A0C91BC942}") = "MoveConstructor", "MoveConstructor\MoveConstructor.vcxproj", "{71CE1EE0-1978-47EC-B823-C35AA1EEFAB4}"
EndProject
Global
	GlobalSection(SolutionConfigurationPlatforms) = preSolution
		Debug|x64 = Debug|x64
		Debug|x86 = Debug|x86
		Release|x64 = Release|x64
		Release|x86 = Release|x86
	EndGlobalSection
	GlobalSection(ProjectConfigurationPlatforms) = postSolution
		{C989F2E2-14F7-4D58-B9D5-09B6607588EF}.Debug|x64.ActiveCfg = Debug|x64
		{C989F2E2-14F7-4D58-B9D5-09B6607588EF}.Debug|x64.Build.0 = Debug|x64
		{C989F2E2-14F7-4D58-B9D5-09B6607588EF}.Debug|x86.ActiveCfg = Debug|Win32
		{C989F2E2-14F7-4D58-B9D5-09B6607588EF}.Debug|x86.Build.0 = Debug|Win32
		{C989F2E2-14F7-4D58-B9D5-09B6607588EF}.Release|x64.ActiveCfg = Release|x64
		{C989F2E2-14F7-4D58-B9D5-09B6607588EF}.Release|x64.Build.0 = Release|x64
		{C989F2E2-14F7-4D58-B9D5-09B6607588EF}.Release|x86.ActiveCfg = Release|Win32
		{C989F2E2-14F7-4D58-B9D5-09B6607588EF}.Release|x86.Build.0 = Release|Win32
		{80317547-D323-435C-B653-69E104425A57}.Debug|x64.ActiveCfg = Debug|x64
		{80317547-D323-435C-B653-69E104425A57}.Debug|x64.Build.0 = Debug|x64
		{80317547-D323-435C-B653-69E104425A57}.Debug|x86.ActiveCfg = Debug|Win32
		{80317547-D323-435C-B653-69E104425A57}.Debug|x86.Build.0 = Debug|Win32
		{80317547-D323-435C-B653-69E104425A57}.Release|x64.ActiveCfg = Release|x64
		{80317547-D323-435C-B653-69E104425A57}.Release|x64.Build.0 = Release|x64
		{80317547-D323-435C-B653-69E104425A57}.Release|x86.ActiveCfg = Release|Win32
		{80317547-D323-435C-B653-69E104425A57}.Release|x86.Build.0 = Release|Win32
		{23BF5C1C-78D0-408B-A80D-D1507D5734B2}.Debug|x64.ActiveCfg = Debug|x64
		{23BF5C1C-78D0-408B-A80D-D1507D5734B2}.Debug|x64.Build.0 = Debug|x64
		{23BF5C1C-78D0-408B-A80D-D1507D5734B2}.Debug|x86.ActiveCfg = Debug|Win32
		{23BF5C1C-78D0-408B-A80D-D1507D5734B2}.Debug|x86.Build.0 = Debug|Win32
		{23BF5C1C-78D0-408B-A80D-D1507D5734B2}.Release|x64.ActiveCfg = Release|x64
		{23BF5C1C-78D0-408B-A80D-D1507D5734B2}.Release|x64.Build.0 = Release|x64
		{23BF5C1C-78D0-408B-A80D-D1507D5734B2}.Release|x86.ActiveCfg = Release|Win32
		{23BF5C1C-78D0-408B-A80D-D1507D5734B2}.Release|x86.Build.0 = Release|Win32
		{EEB32487-FCCA-4716-889C-FC26AF91DFE8}.Debug|x64.ActiveCfg = Debug|x64
		{EEB32487-FCCA-4716-889C-FC26AF91DFE8}.Debug|x64.Build.0 = Debug|x64
		{EEB32487-FCCA-4716-889C-FC26AF91DFE8}.Debug|x86.ActiveCfg = Debug|Win32
		{EEB32487-FCCA-4716-889C-FC26AF91DFE8}.Debug|x86.Build.0 = Debug|Win32
		{EEB32487-FCCA-4716-889C-FC26AF91DFE8}.Release|x64.ActiveCfg = Release|x64
		{EEB32487-FCCA-4716-889C-FC26AF91DFE8}.Release|x64.Build.0 = Release|x64
		{EEB32487-FCCA-4716-889C-FC26AF91DFE8}.Release|x86.ActiveCfg = Release|Win32
		{EEB32487-FCCA-4716-889C-FC26AF91DFE8}.Release|x86.Build.0 = Release|Win32
		{DAC3F99A-DC86-4588-8E0C-4EB9DBBE4F7E}.Debug|x64.ActiveCfg = Debug|x64
		{DAC3F99A-DC86-4588-8E0C-4EB9DBBE4F7E}.Debug|x64.Build.0 = Debug|x64
		{DAC3F99A-DC86-4588-8E0C-4EB9DBBE4F7E}.Debug|x86.ActiveCfg = Debug|Win32
		{DAC3F99A-DC86-4588-8E0C-4EB9DBBE4F7E}.Debug|x86.Build.0 = Debug|Win32
		{DAC3F99A-DC86-4588-8E0C-4EB9DBBE4F7E}.Release|x64.ActiveCfg = Release|x64
		{DAC3F99A-DC86-4588-8E0C-4EB9DBBE4F7E}.Release|x64.Build.0 = Release|x64
		{DAC3F99A-DC86-4588-8E0C-4EB9DBBE4F7E}.Release|x86.ActiveCfg = Release|Win32
		{DAC3F99A-DC86-4588-8E0C-4EB9DBBE4F7E}.Release|x86.Build.0 = Release|Win32
		{1F9173A1-1F52-441E-B71D-0E862497DCC4}.Debug|x64.ActiveCfg = Debug|x64
		{1F9173A1-1F52-441E-B71D-0E862497DCC4}.Debug|x64.Build.0 = Debug|x64
		{1F9173A1-1F52-441E-B71D-0E862497DCC4}.Debug|x86.ActiveCfg = Debug|Win32
		{1F9173A1-1F52-441E-B71D-0E862497DCC4}.Debug|x86.Build.0 = Debug|Win32
		{1F9173A1-1F52-441E-B71D-0E862497DCC4}.Release|x64.ActiveCfg = Release|x64
		{1F9173A1-1F52-441E-B71D-0E862497DCC4}.Release|x64.Build.0 = Release|x64
		{1F9173A1-1F52-441E-B71D-0E862497DCC4}.Release|x86.ActiveCfg = Release|Win32
		{1F9173A1-1F52-441E-B71D-0E862497DCC4}.Release|x86.Build.0 = Release|Win32
		{79E0CBEB-79AE-4031-B02E-F73E3B8A02CB}.Debug|x64.ActiveCfg = Debug|x64
		{79E0CBEB-79AE-4031-B02E-F73E3B8A02CB}.Debug|x64.Build.0 = Debug|x64
		{79E0CBEB-79AE-4031-B02E-F73E3B8A02CB}.Debug|x86.ActiveCfg = Debug|Win32
		{79E0CBEB-79AE-4031-B02E-F73E3B8A02CB}.Debug|x86.Build.0 = Debug|Win32
		{79E0CBEB-79AE-4031-B02E-F73E3B8A02CB}.Release|x64.ActiveCfg = Release|x64
		{79E0CBEB-79AE-4031-B02E-F73E3B8A02CB}.Release|x64.Build.0 = Release|x64
		{79E0CBEB-79AE-4031-B02E-F73E3B8A02CB}.Release|x86.ActiveCfg = Release|Win32
		{79E0CBEB-79AE-4031-B02E-F73E3B8A02CB}.Release|x86.Build.0 = Release|Win32
		{26C70DAA-9DB1-417A-94E7-CF303FCF0FFD}.Debug|x64.ActiveCfg = Debug|x64
		{26C70DAA-9DB1-417A-94E7-CF303FCF0FFD}.Debug|x64.Build.0 = Debug|x64
		{26C70DAA-9DB1-417A-94E7-CF303FCF0FFD}.Debug|x86.ActiveCfg = Debug|Win32
		{26C70DAA-9DB1-417A-94E7-CF303FCF0FFD}.Debug|x86.Build.0 = Debug|Win32
		{26C70DAA-9DB1-417A-94E7-CF303FCF0FFD}.Release|x64.ActiveCfg = Release|x64
		{26C70DAA-9DB1-417A-94E7-CF303FCF0FFD}.Release|x64.Build.0 = Release|x64
		{26C70DAA-9DB1-417A-94E7-CF303FCF0FFD}.Release|x86.ActiveCfg = Release|Win32
		{26C70DAA-9DB1-417A-94E7-CF303FCF0FFD}.Release|x86.Build.0 = Release|Win32
		{8634C1E3-B393-4B1F-A537-B19959CED8D2}.Debug|x64.ActiveCfg = Debug|x64
		{8634C1E3-B393-4B1F-A537-B19959CED8D2}.Debug|x64.Build.0 = Debug|x64
		{8634C1E3-B393-4B1F-A537-B19959CED8D2}.Debug|x86.ActiveCfg = Debug|Win32
		{8634C1E3-B393-4B1F-A537-B19959CED8D2}.Debug|x86.Build.0 = Debug|Win32
		{8634C1E3-B393-4B1F-A537-B19959CED8D2}.Release|x64.ActiveCfg = Release|x64
		{8634C1E3-B393-4B1F-A537-B19959CED8D2}.Release|x64.Build.0 = Release|x64
		{8634C1E3-B393-4B1F-A537-B19959CED8D2}.Release|x86.ActiveCfg = Release|Win32
		{8634C1E3-B393-4B1F-A537-B19959CED8D2}.Release|x86.Build.0 = Release|Win32
		{E5B8213B-763A-436C-9D19-16D30DD12F30}.Debug|x64.ActiveCfg = Debug|x64
		{E5B8213B-763A-436C-9D19-16D30DD12F30}.Debug|x64.Build.0 = Debug|x64
		{E5B8213B-763A-436C-9D19-16D30DD12F30}.Debug|x86.ActiveCfg = Debug|Win32
		{E5B8213B-763A-436C-9D19-16D30DD12F30}.Debug|x86.Build.0 = Debug|Win32
		{E5B8213B-763A-436C-9D19-16D30DD12F30}.Release|x64.ActiveCfg = Release|x64
		{E5B8213B-763A-436C-9D19-16D30DD12F30}.Release|x64.Build.0 = Release|x64
		{E5B8213B-763A-436C-9D19-16D30DD12F30}.Release|x86.ActiveCfg = Release|Win32
		{E5B8213B-763A-436C-9D19-16D30DD12F30}.Release|x86.Build.0 = Release|Win32
		{37A808E6-4622-4407-9272-257214597F13}.Debug|x64.ActiveCfg = Debug|x64
		{37A808E6-4622-4407-9272-257214597F13}.Debug|x64.Build.0 = Debug|x64
		{37A808E6-4622-4407-9272-257214597F13}.Debug|x86.ActiveCfg = Debug|Win32
		{37A808E6-4622-4407-9272-257214597F13}.Debug|x86.Build.0 = Debug|Win32
		{37A808E6-4622-4407-9272-257214597F13}.Release|x64.ActiveCfg = Release|x64
		{37A808E6-4622-4407-9272-257214597F13}.Release|x64.Build.0 = Release|x64
		{37A808E6-4622-4407-9272-257214597F13}.Release|x86.ActiveCfg = Release|Win32
		{37A808E6-4622-4407-9272-257214597F13}.Release|x86.Build.0 = Release|Win32
		{E88B23E0-9D8D-4B43-AE19-CE329E2A752F}.Debug|x64.ActiveCfg = Debug|x64
		{E88B23E0-9D8D-4B43-AE19-CE329E2A752F}.Debug|x64.Build.0 = Debug|x64
		{E88B23E0-9D8D-4B43-AE19-CE329E2A752F}.Debug|x86.ActiveCfg = Debug|Win32
		{E88B23E0-9D8D-4B43-AE19-CE329E2A752F}.Debug|x86.Build.0 = Debug|Win32
		{E88B23E0-9D8D-4B43-AE19-CE329E2A752F}.Release|x64.ActiveCfg = Release|x64
		{E88B23E0-9D8D-4B43-AE19-CE329E2A752F}.Release|x64.Build.0 = Release|x64
		{E88B23E0-9D8D-4B43-AE19-CE329E2A752F}.Release|x86.ActiveCfg = Release|Win32
		{E88B23E0-9D8D-4B43-AE19-CE329E2A752F}.Release|x86.Build.0 = Release|Win32
		{0F381014-CF92-4DAE-A60D-672F02E0676D}.Debug|x64.ActiveCfg = Debug|x64
		{0F381014-CF92-4DAE-A60D-672F02E0676D}.Debug|x64.Build.0 = Debug|x64
		{0F381014-CF92-4DAE-A60D-672F02E0676D}.Debug|x86.ActiveCfg = Debug|Win32
		{0F381014-CF92-4DAE-A60D-672F02E0676D}.Debug|x86.Build.0 = Debug|Win32
		{0F381014-CF92-4DAE-A60D-672F02E0676D}.Release|x64.ActiveCfg = Release|x64
		{0F381014-CF92-4DAE-A60D-672F02E0676D}.Release|x64.Build.0 = Release|x64
		{0F381014-CF92-4DAE-A60D-672F02E0676D}.Release|x86.ActiveCfg = Release|Win32
		{0F381014-CF92-4DAE-A60D-672F02E0676D}.Release|x86.Build.0 = Release|Win32
		{71CE1EE0-1978-47EC-B823-C35AA1EEFAB4}.Debug|x64.ActiveCfg = Debug|x64
		{71CE1EE0-1978-47EC-B823-C35AA1EEFAB4}.Debug|x64.Build.0 = Debug|x64
		{71CE1EE0-1978-47EC-B823-C35AA1EEFAB4}.Debug|x86.ActiveCfg = Debug|Win32
		{71CE1EE0-1978-47EC-B823-C35AA1EEFAB4}.Debug|x86.Build.0 = Debug|Win32
		{71CE1EE0-1978-47EC-B823-C35AA1EEFAB4}.Release|x64.ActiveCfg = Release|x64
		{71CE1EE0-1978-47EC-B823-C35AA1EEFAB4}.Release|x64.Build.0 = Release|x64
		{71CE1EE0-1978-47EC-B823-C35AA1EEFAB4}.Release|x86.ActiveCfg = Release|Win32
		{71CE1EE0-1978-47EC-B823-C35AA1EEFAB4}.Release|x86.Build.0 = Release|Win32
	EndGlobalSection
	GlobalSection(SolutionProperties) = preSolution
		HideSolutionNode = FALSE
	EndGlobalSection
	GlobalSection(NestedProjects) = preSolution
		{C989F2E2-14F7-4D58-B9D5-09B6607588EF} = {6948A602-F2A3-4463-8790-0EE0E7CC8A04}
		{80317547-D323-435C-B653-69E104425A57} = {60021374-D168-49F8-BA40-32AA73DE0A21}
		{23BF5C1C-78D0-408B-A80D-D1507D5734B2} = {9E3B7D0E-2F18-4969-A1A9-027F50829987}
		{EEB32487-FCCA-4716-889C-FC26AF91DFE8} = {9E3B7D0E-2F18-4969-A1A9-027F50829987}
		{DAC3F99A-DC86-4588-8E0C-4EB9DBBE4F7E} = {9E3B7D0E-2F18-4969-A1A9-027F50829987}
		{1F9173A1-1F52-441E-B71D-0E862497DCC4} = {E09918F7-ADBD-4C0F-B65D-7AEC6C69CD06}
		{79E0CBEB-79AE-4031-B02E-F73E3B8A02CB} = {E09918F7-ADBD-4C0F-B65D-7AEC6C69CD06}
		{26C70DAA-9DB1-417A-94E7-CF303FCF0FFD} = {E09918F7-ADBD-4C0F-B65D-7AEC6C69CD06}
		{8634C1E3-B393-4B1F-A537-B19959CED8D2} = {697CD336-0912-46EA-8853-A96248CA8AA7}
		{E5B8213B-763A-436C-9D19-16D30DD12F30} = {697CD336-0912-46EA-8853-A96248CA8AA7}
		{37A808E6-4622-4407-9272-257214597F13} = {94143F6A-554F-44E5-866E-967BB70174AD}
		{E88B23E0-9D8D-4B43-AE19-CE329E2A752F} = {94143F6A-554F-44E5-866E-967BB70174AD}
		{0F381014-CF92-4DAE-A60D-672F02E0676D} = {C7222C1E-D7C8-41F3-9C81-7BB327A22C29}
		{71CE1EE0-1978-47EC-B823-C35AA1EEFAB4} = {C7222C1E-D7C8-41F3-9C81-7BB327A22C29}
	EndGlobalSection
	GlobalSection(ExtensibilityGlobals) = postSolution
		SolutionGuid = {81F768DC-A980-4557-B13E-B37E2A568E77}
	EndGlobalSection
EndGlobal
